
Microsoft Visual Studio Solution File, Format Version 12.00
# Visual Studio 15
VisualStudioVersion = 15.0.26430.14
MinimumVisualStudioVersion = 10.0.40219.1
Project("{FAE04EC0-301F-11D3-BF4B-00C04F79EFBC}") = "MluviiBot", "MluviiBot\MluviiBot.csproj", "{A8BA1066-5695-4D71-ABB4-65E5A5E0C3D4}"
EndProject
Project("{2150E333-8FDC-42A3-9474-1A3956D46DE8}") = "README", "README", "{FF61A16A-4D4C-4A4A-B5BE-82744DD00039}"
	ProjectSection(SolutionItems) = preProject
		README.md = README.md
	EndProjectSection
EndProject
Project("{FAE04EC0-301F-11D3-BF4B-00C04F79EFBC}") = "BotBuilderLocation", "..\BotBuilder-Location\CSharp\BotBuilderLocation\BotBuilderLocation.csproj", "{3CC3A7F1-CB7C-4C05-86EA-70B99C113FAD}"
EndProject
Project("{FAE04EC0-301F-11D3-BF4B-00C04F79EFBC}") = "MluviiBot.BotAssets", "MluviiBot.BotAssets\MluviiBot.BotAssets.csproj", "{4010E1D2-220E-44CA-9259-92B1B2ACC794}"
EndProject
Global
	GlobalSection(SolutionConfigurationPlatforms) = preSolution
		Debug|Any CPU = Debug|Any CPU
		Release|Any CPU = Release|Any CPU
	EndGlobalSection
	GlobalSection(ProjectConfigurationPlatforms) = postSolution
		{A8BA1066-5695-4D71-ABB4-65E5A5E0C3D4}.Debug|Any CPU.ActiveCfg = Debug|Any CPU
		{A8BA1066-5695-4D71-ABB4-65E5A5E0C3D4}.Debug|Any CPU.Build.0 = Debug|Any CPU
		{A8BA1066-5695-4D71-ABB4-65E5A5E0C3D4}.Release|Any CPU.ActiveCfg = Release|Any CPU
		{A8BA1066-5695-4D71-ABB4-65E5A5E0C3D4}.Release|Any CPU.Build.0 = Release|Any CPU
		{3CC3A7F1-CB7C-4C05-86EA-70B99C113FAD}.Debug|Any CPU.ActiveCfg = Debug|Any CPU
		{3CC3A7F1-CB7C-4C05-86EA-70B99C113FAD}.Debug|Any CPU.Build.0 = Debug|Any CPU
		{3CC3A7F1-CB7C-4C05-86EA-70B99C113FAD}.Release|Any CPU.ActiveCfg = Release|Any CPU
		{3CC3A7F1-CB7C-4C05-86EA-70B99C113FAD}.Release|Any CPU.Build.0 = Release|Any CPU
		{4010E1D2-220E-44CA-9259-92B1B2ACC794}.Debug|Any CPU.ActiveCfg = Debug|Any CPU
		{4010E1D2-220E-44CA-9259-92B1B2ACC794}.Debug|Any CPU.Build.0 = Debug|Any CPU
		{4010E1D2-220E-44CA-9259-92B1B2ACC794}.Release|Any CPU.ActiveCfg = Release|Any CPU
		{4010E1D2-220E-44CA-9259-92B1B2ACC794}.Release|Any CPU.Build.0 = Release|Any CPU
	EndGlobalSection
	GlobalSection(SolutionProperties) = preSolution
		HideSolutionNode = FALSE
	EndGlobalSection
EndGlobal
